// !$*UTF8*$!
{
	archiveVersion = 1;
	classes = {
	};
	objectVersion = 46;
	objects = {

/* Begin PBXBuildFile section */
		9B1E32321D2C64A300C60507 /* AppDelegate.swift in Sources */ = {isa = PBXBuildFile; fileRef = 9B1E32311D2C64A300C60507 /* AppDelegate.swift */; };
		9B1E32341D2C64A300C60507 /* ViewController.swift in Sources */ = {isa = PBXBuildFile; fileRef = 9B1E32331D2C64A300C60507 /* ViewController.swift */; };
		9B1E32371D2C64A300C60507 /* Main.storyboard in Resources */ = {isa = PBXBuildFile; fileRef = 9B1E32351D2C64A300C60507 /* Main.storyboard */; };
		9B1E323A1D2C64A300C60507 /* MyMovies.xcdatamodeld in Sources */ = {isa = PBXBuildFile; fileRef = 9B1E32381D2C64A300C60507 /* MyMovies.xcdatamodeld */; };
		9B1E323C1D2C64A300C60507 /* Assets.xcassets in Resources */ = {isa = PBXBuildFile; fileRef = 9B1E323B1D2C64A300C60507 /* Assets.xcassets */; };
		9B1E323F1D2C64A300C60507 /* LaunchScreen.storyboard in Resources */ = {isa = PBXBuildFile; fileRef = 9B1E323D1D2C64A300C60507 /* LaunchScreen.storyboard */; };
		9B1E32471D2C65A400C60507 /* MovieDbClient.swift in Sources */ = {isa = PBXBuildFile; fileRef = 9B1E32461D2C65A400C60507 /* MovieDbClient.swift */; };
		9B723DED1D33051400BD508A /* ImageLoader.swift in Sources */ = {isa = PBXBuildFile; fileRef = 9B723DEC1D33051400BD508A /* ImageLoader.swift */; };
		9BCB19CF1D34A1500050F718 /* Watchlist+CoreDataProperties.swift in Sources */ = {isa = PBXBuildFile; fileRef = 9BCB19CB1D34A1500050F718 /* Watchlist+CoreDataProperties.swift */; };
		9BCB19D01D34A1500050F718 /* Watchlist.swift in Sources */ = {isa = PBXBuildFile; fileRef = 9BCB19CC1D34A1500050F718 /* Watchlist.swift */; };
		9BCB19D11D34A1500050F718 /* Movie+CoreDataProperties.swift in Sources */ = {isa = PBXBuildFile; fileRef = 9BCB19CD1D34A1500050F718 /* Movie+CoreDataProperties.swift */; };
		9BCB19D21D34A1500050F718 /* Movie.swift in Sources */ = {isa = PBXBuildFile; fileRef = 9BCB19CE1D34A1500050F718 /* Movie.swift */; };
		9BCB19D41D34A1F00050F718 /* MovieDbMovie.swift in Sources */ = {isa = PBXBuildFile; fileRef = 9BCB19D31D34A1F00050F718 /* MovieDbMovie.swift */; };
		9BCB19D71D34BD250050F718 /* MovieTableViewCell.swift in Sources */ = {isa = PBXBuildFile; fileRef = 9BCB19D51D34BD250050F718 /* MovieTableViewCell.swift */; };
		9BCB19D81D34BD250050F718 /* MovieTableViewCell.xib in Resources */ = {isa = PBXBuildFile; fileRef = 9BCB19D61D34BD250050F718 /* MovieTableViewCell.xib */; };
		9BCB19FE1D35FE5B0050F718 /* TabBarViewController.swift in Sources */ = {isa = PBXBuildFile; fileRef = 9BCB19FD1D35FE5B0050F718 /* TabBarViewController.swift */; };
		9BCB1A001D3600400050F718 /* WatchListViewController.swift in Sources */ = {isa = PBXBuildFile; fileRef = 9BCB19FF1D3600400050F718 /* WatchListViewController.swift */; };
		9BCB1A021D3613370050F718 /* MovieDetailViewController.swift in Sources */ = {isa = PBXBuildFile; fileRef = 9BCB1A011D3613370050F718 /* MovieDetailViewController.swift */; };
		9BD7E89E1D33037C0011389F /* CoreDataStack.swift in Sources */ = {isa = PBXBuildFile; fileRef = 9BD7E89D1D33037C0011389F /* CoreDataStack.swift */; };
/* End PBXBuildFile section */

/* Begin PBXFileReference section */
		9B1E322E1D2C64A300C60507 /* MyMovies.app */ = {isa = PBXFileReference; explicitFileType = wrapper.application; includeInIndex = 0; path = MyMovies.app; sourceTree = BUILT_PRODUCTS_DIR; };
		9B1E32311D2C64A300C60507 /* AppDelegate.swift */ = {isa = PBXFileReference; lastKnownFileType = sourcecode.swift; path = AppDelegate.swift; sourceTree = "<group>"; };
		9B1E32331D2C64A300C60507 /* ViewController.swift */ = {isa = PBXFileReference; lastKnownFileType = sourcecode.swift; path = ViewController.swift; sourceTree = "<group>"; };
		9B1E32361D2C64A300C60507 /* Base */ = {isa = PBXFileReference; lastKnownFileType = file.storyboard; name = Base; path = Base.lproj/Main.storyboard; sourceTree = "<group>"; };
		9B1E32391D2C64A300C60507 /* MyMovies.xcdatamodel */ = {isa = PBXFileReference; lastKnownFileType = wrapper.xcdatamodel; path = MyMovies.xcdatamodel; sourceTree = "<group>"; };
		9B1E323B1D2C64A300C60507 /* Assets.xcassets */ = {isa = PBXFileReference; lastKnownFileType = folder.assetcatalog; path = Assets.xcassets; sourceTree = "<group>"; };
		9B1E323E1D2C64A300C60507 /* Base */ = {isa = PBXFileReference; lastKnownFileType = file.storyboard; name = Base; path = Base.lproj/LaunchScreen.storyboard; sourceTree = "<group>"; };
		9B1E32401D2C64A300C60507 /* Info.plist */ = {isa = PBXFileReference; lastKnownFileType = text.plist.xml; path = Info.plist; sourceTree = "<group>"; };
		9B1E32461D2C65A400C60507 /* MovieDbClient.swift */ = {isa = PBXFileReference; fileEncoding = 4; lastKnownFileType = sourcecode.swift; path = MovieDbClient.swift; sourceTree = "<group>"; };
		9B723DEC1D33051400BD508A /* ImageLoader.swift */ = {isa = PBXFileReference; fileEncoding = 4; lastKnownFileType = sourcecode.swift; path = ImageLoader.swift; sourceTree = "<group>"; };
		9BCB19CB1D34A1500050F718 /* Watchlist+CoreDataProperties.swift */ = {isa = PBXFileReference; fileEncoding = 4; lastKnownFileType = sourcecode.swift; path = "Watchlist+CoreDataProperties.swift"; sourceTree = "<group>"; };
		9BCB19CC1D34A1500050F718 /* Watchlist.swift */ = {isa = PBXFileReference; fileEncoding = 4; lastKnownFileType = sourcecode.swift; path = Watchlist.swift; sourceTree = "<group>"; };
		9BCB19CD1D34A1500050F718 /* Movie+CoreDataProperties.swift */ = {isa = PBXFileReference; fileEncoding = 4; lastKnownFileType = sourcecode.swift; path = "Movie+CoreDataProperties.swift"; sourceTree = "<group>"; };
		9BCB19CE1D34A1500050F718 /* Movie.swift */ = {isa = PBXFileReference; fileEncoding = 4; lastKnownFileType = sourcecode.swift; path = Movie.swift; sourceTree = "<group>"; };
		9BCB19D31D34A1F00050F718 /* MovieDbMovie.swift */ = {isa = PBXFileReference; fileEncoding = 4; lastKnownFileType = sourcecode.swift; path = MovieDbMovie.swift; sourceTree = "<group>"; };
		9BCB19D51D34BD250050F718 /* MovieTableViewCell.swift */ = {isa = PBXFileReference; fileEncoding = 4; lastKnownFileType = sourcecode.swift; path = MovieTableViewCell.swift; sourceTree = "<group>"; };
		9BCB19D61D34BD250050F718 /* MovieTableViewCell.xib */ = {isa = PBXFileReference; fileEncoding = 4; lastKnownFileType = file.xib; path = MovieTableViewCell.xib; sourceTree = "<group>"; };
		9BCB19FD1D35FE5B0050F718 /* TabBarViewController.swift */ = {isa = PBXFileReference; fileEncoding = 4; lastKnownFileType = sourcecode.swift; path = TabBarViewController.swift; sourceTree = "<group>"; };
		9BCB19FF1D3600400050F718 /* WatchListViewController.swift */ = {isa = PBXFileReference; fileEncoding = 4; lastKnownFileType = sourcecode.swift; path = WatchListViewController.swift; sourceTree = "<group>"; };
		9BCB1A011D3613370050F718 /* MovieDetailViewController.swift */ = {isa = PBXFileReference; fileEncoding = 4; lastKnownFileType = sourcecode.swift; path = MovieDetailViewController.swift; sourceTree = "<group>"; };
		9BD7E89D1D33037C0011389F /* CoreDataStack.swift */ = {isa = PBXFileReference; fileEncoding = 4; lastKnownFileType = sourcecode.swift; path = CoreDataStack.swift; sourceTree = "<group>"; };
/* End PBXFileReference section */

/* Begin PBXFrameworksBuildPhase section */
		9B1E322B1D2C64A300C60507 /* Frameworks */ = {
			isa = PBXFrameworksBuildPhase;
			buildActionMask = 2147483647;
			files = (
			);
			runOnlyForDeploymentPostprocessing = 0;
		};
/* End PBXFrameworksBuildPhase section */

/* Begin PBXGroup section */
		9B1E32251D2C64A300C60507 = {
			isa = PBXGroup;
			children = (
				9B1E32301D2C64A300C60507 /* MyMovies */,
				9B1E322F1D2C64A300C60507 /* Products */,
			);
			sourceTree = "<group>";
		};
		9B1E322F1D2C64A300C60507 /* Products */ = {
			isa = PBXGroup;
			children = (
				9B1E322E1D2C64A300C60507 /* MyMovies.app */,
			);
			name = Products;
			sourceTree = "<group>";
		};
		9B1E32301D2C64A300C60507 /* MyMovies */ = {
			isa = PBXGroup;
			children = (
				9B1E32311D2C64A300C60507 /* AppDelegate.swift */,
				9B1E323B1D2C64A300C60507 /* Assets.xcassets */,
				9BD7E89D1D33037C0011389F /* CoreDataStack.swift */,
				9B723DEC1D33051400BD508A /* ImageLoader.swift */,
				9B1E32401D2C64A300C60507 /* Info.plist */,
				9B1E323D1D2C64A300C60507 /* LaunchScreen.storyboard */,
				9B1E32351D2C64A300C60507 /* Main.storyboard */,
				9BCB19CE1D34A1500050F718 /* Movie.swift */,
				9BCB19CD1D34A1500050F718 /* Movie+CoreDataProperties.swift */,
				9B1E32461D2C65A400C60507 /* MovieDbClient.swift */,
				9BCB19D31D34A1F00050F718 /* MovieDbMovie.swift */,
				9BCB19D51D34BD250050F718 /* MovieTableViewCell.swift */,
				9BCB19D61D34BD250050F718 /* MovieTableViewCell.xib */,
				9B1E32381D2C64A300C60507 /* MyMovies.xcdatamodeld */,
				9B1E32331D2C64A300C60507 /* ViewController.swift */,
				9BCB19CC1D34A1500050F718 /* Watchlist.swift */,
				9BCB19CB1D34A1500050F718 /* Watchlist+CoreDataProperties.swift */,
				9BCB19FD1D35FE5B0050F718 /* TabBarViewController.swift */,
				9BCB19FF1D3600400050F718 /* WatchListViewController.swift */,
				9BCB1A011D3613370050F718 /* MovieDetailViewController.swift */,
			);
			path = MyMovies;
			sourceTree = "<group>";
		};
/* End PBXGroup section */

/* Begin PBXNativeTarget section */
		9B1E322D1D2C64A300C60507 /* MyMovies */ = {
			isa = PBXNativeTarget;
			buildConfigurationList = 9B1E32431D2C64A300C60507 /* Build configuration list for PBXNativeTarget "MyMovies" */;
			buildPhases = (
				9B1E322A1D2C64A300C60507 /* Sources */,
				9B1E322B1D2C64A300C60507 /* Frameworks */,
				9B1E322C1D2C64A300C60507 /* Resources */,
			);
			buildRules = (
			);
			dependencies = (
			);
			name = MyMovies;
			productName = MyMovies;
			productReference = 9B1E322E1D2C64A300C60507 /* MyMovies.app */;
			productType = "com.apple.product-type.application";
		};
/* End PBXNativeTarget section */

/* Begin PBXProject section */
		9B1E32261D2C64A300C60507 /* Project object */ = {
			isa = PBXProject;
			attributes = {
				LastSwiftUpdateCheck = 0730;
				LastUpgradeCheck = 0730;
				ORGANIZATIONNAME = Udacity;
				TargetAttributes = {
					9B1E322D1D2C64A300C60507 = {
						CreatedOnToolsVersion = 7.3.1;
						DevelopmentTeam = YVSKCJDX69;
					};
				};
			};
			buildConfigurationList = 9B1E32291D2C64A300C60507 /* Build configuration list for PBXProject "MyMovies" */;
			compatibilityVersion = "Xcode 3.2";
			developmentRegion = English;
			hasScannedForEncodings = 0;
			knownRegions = (
				en,
				Base,
			);
			mainGroup = 9B1E32251D2C64A300C60507;
			productRefGroup = 9B1E322F1D2C64A300C60507 /* Products */;
			projectDirPath = "";
			projectRoot = "";
			targets = (
				9B1E322D1D2C64A300C60507 /* MyMovies */,
			);
		};
/* End PBXProject section */

/* Begin PBXResourcesBuildPhase section */
		9B1E322C1D2C64A300C60507 /* Resources */ = {
			isa = PBXResourcesBuildPhase;
			buildActionMask = 2147483647;
			files = (
				9B1E323F1D2C64A300C60507 /* LaunchScreen.storyboard in Resources */,
				9B1E323C1D2C64A300C60507 /* Assets.xcassets in Resources */,
				9BCB19D81D34BD250050F718 /* MovieTableViewCell.xib in Resources */,
				9B1E32371D2C64A300C60507 /* Main.storyboard in Resources */,
			);
			runOnlyForDeploymentPostprocessing = 0;
		};
/* End PBXResourcesBuildPhase section */

/* Begin PBXSourcesBuildPhase section */
		9B1E322A1D2C64A300C60507 /* Sources */ = {
			isa = PBXSourcesBuildPhase;
			buildActionMask = 2147483647;
			files = (
				9BD7E89E1D33037C0011389F /* CoreDataStack.swift in Sources */,
				9BCB1A021D3613370050F718 /* MovieDetailViewController.swift in Sources */,
				9BCB19CF1D34A1500050F718 /* Watchlist+CoreDataProperties.swift in Sources */,
				9BCB19D71D34BD250050F718 /* MovieTableViewCell.swift in Sources */,
				9B1E32341D2C64A300C60507 /* ViewController.swift in Sources */,
				9BCB1A001D3600400050F718 /* WatchListViewController.swift in Sources */,
				9B723DED1D33051400BD508A /* ImageLoader.swift in Sources */,
				9BCB19D21D34A1500050F718 /* Movie.swift in Sources */,
				9BCB19D11D34A1500050F718 /* Movie+CoreDataProperties.swift in Sources */,
				9B1E323A1D2C64A300C60507 /* MyMovies.xcdatamodeld in Sources */,
				9BCB19D41D34A1F00050F718 /* MovieDbMovie.swift in Sources */,
				9BCB19D01D34A1500050F718 /* Watchlist.swift in Sources */,
				9BCB19FE1D35FE5B0050F718 /* TabBarViewController.swift in Sources */,
				9B1E32321D2C64A300C60507 /* AppDelegate.swift in Sources */,
				9B1E32471D2C65A400C60507 /* MovieDbClient.swift in Sources */,
			);
			runOnlyForDeploymentPostprocessing = 0;
		};
/* End PBXSourcesBuildPhase section */

/* Begin PBXVariantGroup section */
		9B1E32351D2C64A300C60507 /* Main.storyboard */ = {
			isa = PBXVariantGroup;
			children = (
				9B1E32361D2C64A300C60507 /* Base */,
			);
			name = Main.storyboard;
			sourceTree = "<group>";
		};
		9B1E323D1D2C64A300C60507 /* LaunchScreen.storyboard */ = {
			isa = PBXVariantGroup;
			children = (
				9B1E323E1D2C64A300C60507 /* Base */,
			);
			name = LaunchScreen.storyboard;
			sourceTree = "<group>";
		};
/* End PBXVariantGroup section */

/* Begin XCBuildConfiguration section */
		9B1E32411D2C64A300C60507 /* Debug */ = {
			isa = XCBuildConfiguration;
			buildSettings = {
				ALWAYS_SEARCH_USER_PATHS = NO;
				CLANG_ANALYZER_NONNULL = YES;
				CLANG_CXX_LANGUAGE_STANDARD = "gnu++0x";
				CLANG_CXX_LIBRARY = "libc++";
				CLANG_ENABLE_MODULES = YES;
				CLANG_ENABLE_OBJC_ARC = YES;
				CLANG_WARN_BOOL_CONVERSION = YES;
				CLANG_WARN_CONSTANT_CONVERSION = YES;
				CLANG_WARN_DIRECT_OBJC_ISA_USAGE = YES_ERROR;
				CLANG_WARN_EMPTY_BODY = YES;
				CLANG_WARN_ENUM_CONVERSION = YES;
				CLANG_WARN_INT_CONVERSION = YES;
				CLANG_WARN_OBJC_ROOT_CLASS = YES_ERROR;
				CLANG_WARN_UNREACHABLE_CODE = YES;
				CLANG_WARN__DUPLICATE_METHOD_MATCH = YES;
				"CODE_SIGN_IDENTITY[sdk=iphoneos*]" = "iPhone Developer";
				COPY_PHASE_STRIP = NO;
				DEBUG_INFORMATION_FORMAT = dwarf;
				ENABLE_STRICT_OBJC_MSGSEND = YES;
				ENABLE_TESTABILITY = YES;
				GCC_C_LANGUAGE_STANDARD = gnu99;
				GCC_DYNAMIC_NO_PIC = NO;
				GCC_NO_COMMON_BLOCKS = YES;
				GCC_OPTIMIZATION_LEVEL = 0;
				GCC_PREPROCESSOR_DEFINITIONS = (
					"DEBUG=1",
					"$(inherited)",
				);
				GCC_WARN_64_TO_32_BIT_CONVERSION = YES;
				GCC_WARN_ABOUT_RETURN_TYPE = YES_ERROR;
				GCC_WARN_UNDECLARED_SELECTOR = YES;
				GCC_WARN_UNINITIALIZED_AUTOS = YES_AGGRESSIVE;
				GCC_WARN_UNUSED_FUNCTION = YES;
				GCC_WARN_UNUSED_VARIABLE = YES;
				IPHONEOS_DEPLOYMENT_TARGET = 9.3;
				MTL_ENABLE_DEBUG_INFO = YES;
				ONLY_ACTIVE_ARCH = YES;
				SDKROOT = iphoneos;
				SWIFT_OPTIMIZATION_LEVEL = "-Onone";
			};
			name = Debug;
		};
		9B1E32421D2C64A300C60507 /* Release */ = {
			isa = XCBuildConfiguration;
			buildSettings = {
				ALWAYS_SEARCH_USER_PATHS = NO;
				CLANG_ANALYZER_NONNULL = YES;
				CLANG_CXX_LANGUAGE_STANDARD = "gnu++0x";
				CLANG_CXX_LIBRARY = "libc++";
				CLANG_ENABLE_MODULES = YES;
				CLANG_ENABLE_OBJC_ARC = YES;
				CLANG_WARN_BOOL_CONVERSION = YES;
				CLANG_WARN_CONSTANT_CONVERSION = YES;
				CLANG_WARN_DIRECT_OBJC_ISA_USAGE = YES_ERROR;
				CLANG_WARN_EMPTY_BODY = YES;
				CLANG_WARN_ENUM_CONVERSION = YES;
				CLANG_WARN_INT_CONVERSION = YES;
				CLANG_WARN_OBJC_ROOT_CLASS = YES_ERROR;
				CLANG_WARN_UNREACHABLE_CODE = YES;
				CLANG_WARN__DUPLICATE_METHOD_MATCH = YES;
				"CODE_SIGN_IDENTITY[sdk=iphoneos*]" = "iPhone Developer";
				COPY_PHASE_STRIP = NO;
				DEBUG_INFORMATION_FORMAT = "dwarf-with-dsym";
				ENABLE_NS_ASSERTIONS = NO;
				ENABLE_STRICT_OBJC_MSGSEND = YES;
				GCC_C_LANGUAGE_STANDARD = gnu99;
				GCC_NO_COMMON_BLOCKS = YES;
				GCC_WARN_64_TO_32_BIT_CONVERSION = YES;
				GCC_WARN_ABOUT_RETURN_TYPE = YES_ERROR;
				GCC_WARN_UNDECLARED_SELECTOR = YES;
				GCC_WARN_UNINITIALIZED_AUTOS = YES_AGGRESSIVE;
				GCC_WARN_UNUSED_FUNCTION = YES;
				GCC_WARN_UNUSED_VARIABLE = YES;
				IPHONEOS_DEPLOYMENT_TARGET = 9.3;
				MTL_ENABLE_DEBUG_INFO = NO;
				SDKROOT = iphoneos;
				VALIDATE_PRODUCT = YES;
			};
			name = Release;
		};
		9B1E32441D2C64A300C60507 /* Debug */ = {
			isa = XCBuildConfiguration;
			buildSettings = {
				ASSETCATALOG_COMPILER_APPICON_NAME = AppIcon;
				CODE_SIGN_IDENTITY = "iPhone Developer";
				INFOPLIST_FILE = MyMovies/Info.plist;
				LD_RUNPATH_SEARCH_PATHS = "$(inherited) @executable_path/Frameworks";
				PRODUCT_BUNDLE_IDENTIFIER = com.udacity.MyMovies;
				PRODUCT_NAME = "$(TARGET_NAME)";
			};
			name = Debug;
		};
		9B1E32451D2C64A300C60507 /* Release */ = {
			isa = XCBuildConfiguration;
			buildSettings = {
				ASSETCATALOG_COMPILER_APPICON_NAME = AppIcon;
				CODE_SIGN_IDENTITY = "iPhone Developer";
				INFOPLIST_FILE = MyMovies/Info.plist;
				LD_RUNPATH_SEARCH_PATHS = "$(inherited) @executable_path/Frameworks";
				PRODUCT_BUNDLE_IDENTIFIER = com.udacity.MyMovies;
				PRODUCT_NAME = "$(TARGET_NAME)";
			};
			name = Release;
		};
/* End XCBuildConfiguration section */

/* Begin XCConfigurationList section */
		9B1E32291D2C64A300C60507 /* Build configuration list for PBXProject "MyMovies" */ = {
			isa = XCConfigurationList;
			buildConfigurations = (
				9B1E32411D2C64A300C60507 /* Debug */,
				9B1E32421D2C64A300C60507 /* Release */,
			);
			defaultConfigurationIsVisible = 0;
			defaultConfigurationName = Release;
		};
		9B1E32431D2C64A300C60507 /* Build configuration list for PBXNativeTarget "MyMovies" */ = {
			isa = XCConfigurationList;
			buildConfigurations = (
				9B1E32441D2C64A300C60507 /* Debug */,
				9B1E32451D2C64A300C60507 /* Release */,
			);
			defaultConfigurationIsVisible = 0;
			defaultConfigurationName = Release;
		};
/* End XCConfigurationList section */

/* Begin XCVersionGroup section */
		9B1E32381D2C64A300C60507 /* MyMovies.xcdatamodeld */ = {
			isa = XCVersionGroup;
			children = (
				9B1E32391D2C64A300C60507 /* MyMovies.xcdatamodel */,
			);
			currentVersion = 9B1E32391D2C64A300C60507 /* MyMovies.xcdatamodel */;
			path = MyMovies.xcdatamodeld;
			sourceTree = "<group>";
			versionGroupType = wrapper.xcdatamodel;
		};
/* End XCVersionGroup section */
	};
	rootObject = 9B1E32261D2C64A300C60507 /* Project object */;
}
